// !$*UTF8*$!
{
	archiveVersion = 1;
	classes = {
	};
	objectVersion = 56;
	objects = {

/* Begin PBXBuildFile section */
		1C088D762A14B58800B68B28 /* VueFluxAdapter.swift in Sources */ = {isa = PBXBuildFile; fileRef = 1C088D752A14B58800B68B28 /* VueFluxAdapter.swift */; };
		1C088D7C2A14C65300B68B28 /* CountUpDataModel.swift in Sources */ = {isa = PBXBuildFile; fileRef = 1C088D7B2A14C65200B68B28 /* CountUpDataModel.swift */; };
		1C338FD22A19EDE500251143 /* ScopedDisposable+Utility.swift in Sources */ = {isa = PBXBuildFile; fileRef = 1C338FD12A19EDE500251143 /* ScopedDisposable+Utility.swift */; };
		1C338FD72A19EEF200251143 /* ScopedDisposable.swift in Sources */ = {isa = PBXBuildFile; fileRef = 1C338FD62A19EEF200251143 /* ScopedDisposable.swift */; };
		1C338FD92A1A040900251143 /* GetCountUpNumber.swift in Sources */ = {isa = PBXBuildFile; fileRef = 1C338FD82A1A040900251143 /* GetCountUpNumber.swift */; };
		1C338FDD2A1A0A1200251143 /* Admin+Protobuf.swift in Sources */ = {isa = PBXBuildFile; fileRef = 1C338FDC2A1A0A1200251143 /* Admin+Protobuf.swift */; };
		1C338FDF2A1A0F4D00251143 /* CountUpService.swift in Sources */ = {isa = PBXBuildFile; fileRef = 1C338FDE2A1A0F4D00251143 /* CountUpService.swift */; };
		1C338FE12A1A169E00251143 /* Session.swift in Sources */ = {isa = PBXBuildFile; fileRef = 1C338FE02A1A169E00251143 /* Session.swift */; };
		1C338FE62A1A29C800251143 /* CountUpResponse.swift in Sources */ = {isa = PBXBuildFile; fileRef = 1C338FE52A1A29C800251143 /* CountUpResponse.swift */; };
		1C41CE242A175554001C209E /* VueFluxState.swift in Sources */ = {isa = PBXBuildFile; fileRef = 1C41CE232A175554001C209E /* VueFluxState.swift */; };
		1C41CE272A17653B001C209E /* PropertyProtocol+Utility.swift in Sources */ = {isa = PBXBuildFile; fileRef = 1C41CE262A17653B001C209E /* PropertyProtocol+Utility.swift */; };
		1C41CE292A177105001C209E /* Refreshable+Utility.swift in Sources */ = {isa = PBXBuildFile; fileRef = 1C41CE282A177105001C209E /* Refreshable+Utility.swift */; };
		1C41CE2B2A177131001C209E /* Optional+Utility.swift in Sources */ = {isa = PBXBuildFile; fileRef = 1C41CE2A2A177131001C209E /* Optional+Utility.swift */; };
		1C41CE2D2A17718F001C209E /* Store+Utility.swift in Sources */ = {isa = PBXBuildFile; fileRef = 1C41CE2C2A17718F001C209E /* Store+Utility.swift */; };
		1C41CE2F2A1771BF001C209E /* Renderable.swift in Sources */ = {isa = PBXBuildFile; fileRef = 1C41CE2E2A1771BF001C209E /* Renderable.swift */; };
		1C41CE312A1774A5001C209E /* Reactive+Utility.swift in Sources */ = {isa = PBXBuildFile; fileRef = 1C41CE302A1774A5001C209E /* Reactive+Utility.swift */; };
		1C4CBDB62A1B2C900044B6CA /* ReactiveMapKit.xcframework in Frameworks */ = {isa = PBXBuildFile; fileRef = 1C4CBDAF2A1B2C8F0044B6CA /* ReactiveMapKit.xcframework */; };
		1C4CBDB82A1B2C900044B6CA /* Carbon.xcframework in Frameworks */ = {isa = PBXBuildFile; fileRef = 1C4CBDB02A1B2C8F0044B6CA /* Carbon.xcframework */; };
		1C4CBDBA2A1B2C900044B6CA /* DifferenceKit.xcframework in Frameworks */ = {isa = PBXBuildFile; fileRef = 1C4CBDB12A1B2C8F0044B6CA /* DifferenceKit.xcframework */; };
		1C4CBDBC2A1B2C900044B6CA /* ReactiveCocoa.xcframework in Frameworks */ = {isa = PBXBuildFile; fileRef = 1C4CBDB22A1B2C900044B6CA /* ReactiveCocoa.xcframework */; };
		1C4CBDBE2A1B2C900044B6CA /* VueFlux.xcframework in Frameworks */ = {isa = PBXBuildFile; fileRef = 1C4CBDB32A1B2C900044B6CA /* VueFlux.xcframework */; };
		1C4CBDC02A1B2C900044B6CA /* VueFluxReactive.xcframework in Frameworks */ = {isa = PBXBuildFile; fileRef = 1C4CBDB42A1B2C900044B6CA /* VueFluxReactive.xcframework */; };
		1C4CBDC22A1B2C900044B6CA /* ReactiveSwift.xcframework in Frameworks */ = {isa = PBXBuildFile; fileRef = 1C4CBDB52A1B2C900044B6CA /* ReactiveSwift.xcframework */; };
		1C4CFB752A15C64B004499DE /* FluxViewController.swift in Sources */ = {isa = PBXBuildFile; fileRef = 1C4CFB742A15C64B004499DE /* FluxViewController.swift */; };
		1C4CFB772A15C94C004499DE /* VueFluxViewController.swift in Sources */ = {isa = PBXBuildFile; fileRef = 1C4CFB762A15C94C004499DE /* VueFluxViewController.swift */; };
		1C4CFB792A1618A6004499DE /* VueFluxAdapterProtocol.swift in Sources */ = {isa = PBXBuildFile; fileRef = 1C4CFB782A1618A6004499DE /* VueFluxAdapterProtocol.swift */; };
		1C4CFB7B2A1619E0004499DE /* CountUpRepository.swift in Sources */ = {isa = PBXBuildFile; fileRef = 1C4CFB7A2A1619E0004499DE /* CountUpRepository.swift */; };
		1C4CFB7D2A1700C5004499DE /* TextFieldViewController.swift in Sources */ = {isa = PBXBuildFile; fileRef = 1C4CFB7C2A1700C5004499DE /* TextFieldViewController.swift */; };
		1C59B9A42A1A6AD80071E3CB /* UIViewcontoroller.swift in Sources */ = {isa = PBXBuildFile; fileRef = 1C59B9A32A1A6AD80071E3CB /* UIViewcontoroller.swift */; };
		1C97E1642A146DDA00DC8550 /* UIControl+Reactive.swift in Sources */ = {isa = PBXBuildFile; fileRef = 1C97E1632A146DDA00DC8550 /* UIControl+Reactive.swift */; };
		1CC335552A138A3600FBAD36 /* AppDelegate.swift in Sources */ = {isa = PBXBuildFile; fileRef = 1CC335542A138A3600FBAD36 /* AppDelegate.swift */; };
		1CC335572A138A3600FBAD36 /* SceneDelegate.swift in Sources */ = {isa = PBXBuildFile; fileRef = 1CC335562A138A3600FBAD36 /* SceneDelegate.swift */; };
		1CC335592A138A3600FBAD36 /* ViewController.swift in Sources */ = {isa = PBXBuildFile; fileRef = 1CC335582A138A3600FBAD36 /* ViewController.swift */; };
		1CC3355E2A138A3700FBAD36 /* Assets.xcassets in Resources */ = {isa = PBXBuildFile; fileRef = 1CC3355D2A138A3700FBAD36 /* Assets.xcassets */; };
		1CC335612A138A3700FBAD36 /* LaunchScreen.storyboard in Resources */ = {isa = PBXBuildFile; fileRef = 1CC3355F2A138A3700FBAD36 /* LaunchScreen.storyboard */; };
		1CC3356C2A138A3700FBAD36 /* Test_VueFlux_iOSTests.swift in Sources */ = {isa = PBXBuildFile; fileRef = 1CC3356B2A138A3700FBAD36 /* Test_VueFlux_iOSTests.swift */; };
		1CC335762A138A3700FBAD36 /* Test_VueFlux_iOSUITests.swift in Sources */ = {isa = PBXBuildFile; fileRef = 1CC335752A138A3700FBAD36 /* Test_VueFlux_iOSUITests.swift */; };
		1CC335782A138A3700FBAD36 /* Test_VueFlux_iOSUITestsLaunchTests.swift in Sources */ = {isa = PBXBuildFile; fileRef = 1CC335772A138A3700FBAD36 /* Test_VueFlux_iOSUITestsLaunchTests.swift */; };
/* End PBXBuildFile section */

/* Begin PBXContainerItemProxy section */
		1CC335682A138A3700FBAD36 /* PBXContainerItemProxy */ = {
			isa = PBXContainerItemProxy;
			containerPortal = 1CC335492A138A3600FBAD36 /* Project object */;
			proxyType = 1;
			remoteGlobalIDString = 1CC335502A138A3600FBAD36;
			remoteInfo = Test_VueFlux_iOS;
		};
		1CC335722A138A3700FBAD36 /* PBXContainerItemProxy */ = {
			isa = PBXContainerItemProxy;
			containerPortal = 1CC335492A138A3600FBAD36 /* Project object */;
			proxyType = 1;
			remoteGlobalIDString = 1CC335502A138A3600FBAD36;
			remoteInfo = Test_VueFlux_iOS;
		};
/* End PBXContainerItemProxy section */

/* Begin PBXFileReference section */
		1C088D752A14B58800B68B28 /* VueFluxAdapter.swift */ = {isa = PBXFileReference; lastKnownFileType = sourcecode.swift; path = VueFluxAdapter.swift; sourceTree = "<group>"; };
		1C088D7B2A14C65200B68B28 /* CountUpDataModel.swift */ = {isa = PBXFileReference; lastKnownFileType = sourcecode.swift; path = CountUpDataModel.swift; sourceTree = "<group>"; };
		1C338FD12A19EDE500251143 /* ScopedDisposable+Utility.swift */ = {isa = PBXFileReference; lastKnownFileType = sourcecode.swift; path = "ScopedDisposable+Utility.swift"; sourceTree = "<group>"; };
		1C338FD62A19EEF200251143 /* ScopedDisposable.swift */ = {isa = PBXFileReference; lastKnownFileType = sourcecode.swift; path = ScopedDisposable.swift; sourceTree = "<group>"; };
		1C338FD82A1A040900251143 /* GetCountUpNumber.swift */ = {isa = PBXFileReference; lastKnownFileType = sourcecode.swift; path = GetCountUpNumber.swift; sourceTree = "<group>"; };
		1C338FDC2A1A0A1200251143 /* Admin+Protobuf.swift */ = {isa = PBXFileReference; lastKnownFileType = sourcecode.swift; path = "Admin+Protobuf.swift"; sourceTree = "<group>"; };
		1C338FDE2A1A0F4D00251143 /* CountUpService.swift */ = {isa = PBXFileReference; lastKnownFileType = sourcecode.swift; path = CountUpService.swift; sourceTree = "<group>"; };
		1C338FE02A1A169E00251143 /* Session.swift */ = {isa = PBXFileReference; lastKnownFileType = sourcecode.swift; path = Session.swift; sourceTree = "<group>"; };
		1C338FE52A1A29C800251143 /* CountUpResponse.swift */ = {isa = PBXFileReference; lastKnownFileType = sourcecode.swift; path = CountUpResponse.swift; sourceTree = "<group>"; };
		1C41CE232A175554001C209E /* VueFluxState.swift */ = {isa = PBXFileReference; lastKnownFileType = sourcecode.swift; path = VueFluxState.swift; sourceTree = "<group>"; };
		1C41CE262A17653B001C209E /* PropertyProtocol+Utility.swift */ = {isa = PBXFileReference; lastKnownFileType = sourcecode.swift; path = "PropertyProtocol+Utility.swift"; sourceTree = "<group>"; };
		1C41CE282A177105001C209E /* Refreshable+Utility.swift */ = {isa = PBXFileReference; lastKnownFileType = sourcecode.swift; path = "Refreshable+Utility.swift"; sourceTree = "<group>"; };
		1C41CE2A2A177131001C209E /* Optional+Utility.swift */ = {isa = PBXFileReference; lastKnownFileType = sourcecode.swift; path = "Optional+Utility.swift"; sourceTree = "<group>"; };
		1C41CE2C2A17718F001C209E /* Store+Utility.swift */ = {isa = PBXFileReference; lastKnownFileType = sourcecode.swift; path = "Store+Utility.swift"; sourceTree = "<group>"; };
		1C41CE2E2A1771BF001C209E /* Renderable.swift */ = {isa = PBXFileReference; lastKnownFileType = sourcecode.swift; path = Renderable.swift; sourceTree = "<group>"; };
		1C41CE302A1774A5001C209E /* Reactive+Utility.swift */ = {isa = PBXFileReference; lastKnownFileType = sourcecode.swift; path = "Reactive+Utility.swift"; sourceTree = "<group>"; };
		1C4CBDAF2A1B2C8F0044B6CA /* ReactiveMapKit.xcframework */ = {isa = PBXFileReference; lastKnownFileType = wrapper.xcframework; name = ReactiveMapKit.xcframework; path = Carthage/Build/ReactiveMapKit.xcframework; sourceTree = "<group>"; };
		1C4CBDB02A1B2C8F0044B6CA /* Carbon.xcframework */ = {isa = PBXFileReference; lastKnownFileType = wrapper.xcframework; name = Carbon.xcframework; path = Carthage/Build/Carbon.xcframework; sourceTree = "<group>"; };
		1C4CBDB12A1B2C8F0044B6CA /* DifferenceKit.xcframework */ = {isa = PBXFileReference; lastKnownFileType = wrapper.xcframework; name = DifferenceKit.xcframework; path = Carthage/Build/DifferenceKit.xcframework; sourceTree = "<group>"; };
		1C4CBDB22A1B2C900044B6CA /* ReactiveCocoa.xcframework */ = {isa = PBXFileReference; lastKnownFileType = wrapper.xcframework; name = ReactiveCocoa.xcframework; path = Carthage/Build/ReactiveCocoa.xcframework; sourceTree = "<group>"; };
		1C4CBDB32A1B2C900044B6CA /* VueFlux.xcframework */ = {isa = PBXFileReference; lastKnownFileType = wrapper.xcframework; name = VueFlux.xcframework; path = Carthage/Build/VueFlux.xcframework; sourceTree = "<group>"; };
		1C4CBDB42A1B2C900044B6CA /* VueFluxReactive.xcframework */ = {isa = PBXFileReference; lastKnownFileType = wrapper.xcframework; name = VueFluxReactive.xcframework; path = Carthage/Build/VueFluxReactive.xcframework; sourceTree = "<group>"; };
		1C4CBDB52A1B2C900044B6CA /* ReactiveSwift.xcframework */ = {isa = PBXFileReference; lastKnownFileType = wrapper.xcframework; name = ReactiveSwift.xcframework; path = Carthage/Build/ReactiveSwift.xcframework; sourceTree = "<group>"; };
		1C4CFB742A15C64B004499DE /* FluxViewController.swift */ = {isa = PBXFileReference; lastKnownFileType = sourcecode.swift; path = FluxViewController.swift; sourceTree = "<group>"; };
		1C4CFB762A15C94C004499DE /* VueFluxViewController.swift */ = {isa = PBXFileReference; lastKnownFileType = sourcecode.swift; path = VueFluxViewController.swift; sourceTree = "<group>"; };
		1C4CFB782A1618A6004499DE /* VueFluxAdapterProtocol.swift */ = {isa = PBXFileReference; lastKnownFileType = sourcecode.swift; path = VueFluxAdapterProtocol.swift; sourceTree = "<group>"; };
		1C4CFB7A2A1619E0004499DE /* CountUpRepository.swift */ = {isa = PBXFileReference; lastKnownFileType = sourcecode.swift; path = CountUpRepository.swift; sourceTree = "<group>"; };
		1C4CFB7C2A1700C5004499DE /* TextFieldViewController.swift */ = {isa = PBXFileReference; lastKnownFileType = sourcecode.swift; path = TextFieldViewController.swift; sourceTree = "<group>"; };
		1C59B9A32A1A6AD80071E3CB /* UIViewcontoroller.swift */ = {isa = PBXFileReference; lastKnownFileType = sourcecode.swift; path = UIViewcontoroller.swift; sourceTree = "<group>"; };
		1C97E1632A146DDA00DC8550 /* UIControl+Reactive.swift */ = {isa = PBXFileReference; lastKnownFileType = sourcecode.swift; path = "UIControl+Reactive.swift"; sourceTree = "<group>"; };
		1CC335512A138A3600FBAD36 /* Test_VueFlux_iOS.app */ = {isa = PBXFileReference; explicitFileType = wrapper.application; includeInIndex = 0; path = Test_VueFlux_iOS.app; sourceTree = BUILT_PRODUCTS_DIR; };
		1CC335542A138A3600FBAD36 /* AppDelegate.swift */ = {isa = PBXFileReference; lastKnownFileType = sourcecode.swift; path = AppDelegate.swift; sourceTree = "<group>"; };
		1CC335562A138A3600FBAD36 /* SceneDelegate.swift */ = {isa = PBXFileReference; lastKnownFileType = sourcecode.swift; path = SceneDelegate.swift; sourceTree = "<group>"; };
		1CC335582A138A3600FBAD36 /* ViewController.swift */ = {isa = PBXFileReference; lastKnownFileType = sourcecode.swift; path = ViewController.swift; sourceTree = "<group>"; };
		1CC3355D2A138A3700FBAD36 /* Assets.xcassets */ = {isa = PBXFileReference; lastKnownFileType = folder.assetcatalog; path = Assets.xcassets; sourceTree = "<group>"; };
		1CC335602A138A3700FBAD36 /* Base */ = {isa = PBXFileReference; lastKnownFileType = file.storyboard; name = Base; path = Base.lproj/LaunchScreen.storyboard; sourceTree = "<group>"; };
		1CC335622A138A3700FBAD36 /* Info.plist */ = {isa = PBXFileReference; lastKnownFileType = text.plist.xml; path = Info.plist; sourceTree = "<group>"; };
		1CC335672A138A3700FBAD36 /* Test_VueFlux_iOSTests.xctest */ = {isa = PBXFileReference; explicitFileType = wrapper.cfbundle; includeInIndex = 0; path = Test_VueFlux_iOSTests.xctest; sourceTree = BUILT_PRODUCTS_DIR; };
		1CC3356B2A138A3700FBAD36 /* Test_VueFlux_iOSTests.swift */ = {isa = PBXFileReference; lastKnownFileType = sourcecode.swift; path = Test_VueFlux_iOSTests.swift; sourceTree = "<group>"; };
		1CC335712A138A3700FBAD36 /* Test_VueFlux_iOSUITests.xctest */ = {isa = PBXFileReference; explicitFileType = wrapper.cfbundle; includeInIndex = 0; path = Test_VueFlux_iOSUITests.xctest; sourceTree = BUILT_PRODUCTS_DIR; };
		1CC335752A138A3700FBAD36 /* Test_VueFlux_iOSUITests.swift */ = {isa = PBXFileReference; lastKnownFileType = sourcecode.swift; path = Test_VueFlux_iOSUITests.swift; sourceTree = "<group>"; };
		1CC335772A138A3700FBAD36 /* Test_VueFlux_iOSUITestsLaunchTests.swift */ = {isa = PBXFileReference; lastKnownFileType = sourcecode.swift; path = Test_VueFlux_iOSUITestsLaunchTests.swift; sourceTree = "<group>"; };
/* End PBXFileReference section */

/* Begin PBXFrameworksBuildPhase section */
		1CC3354E2A138A3600FBAD36 /* Frameworks */ = {
			isa = PBXFrameworksBuildPhase;
			buildActionMask = 2147483647;
			files = (
				1C4CBDBC2A1B2C900044B6CA /* ReactiveCocoa.xcframework in Frameworks */,
				1C4CBDB82A1B2C900044B6CA /* Carbon.xcframework in Frameworks */,
				1C4CBDC02A1B2C900044B6CA /* VueFluxReactive.xcframework in Frameworks */,
				1C4CBDBE2A1B2C900044B6CA /* VueFlux.xcframework in Frameworks */,
				1C4CBDB62A1B2C900044B6CA /* ReactiveMapKit.xcframework in Frameworks */,
				1C4CBDC22A1B2C900044B6CA /* ReactiveSwift.xcframework in Frameworks */,
				1C4CBDBA2A1B2C900044B6CA /* DifferenceKit.xcframework in Frameworks */,
			);
			runOnlyForDeploymentPostprocessing = 0;
		};
		1CC335642A138A3700FBAD36 /* Frameworks */ = {
			isa = PBXFrameworksBuildPhase;
			buildActionMask = 2147483647;
			files = (
			);
			runOnlyForDeploymentPostprocessing = 0;
		};
		1CC3356E2A138A3700FBAD36 /* Frameworks */ = {
			isa = PBXFrameworksBuildPhase;
			buildActionMask = 2147483647;
			files = (
			);
			runOnlyForDeploymentPostprocessing = 0;
		};
/* End PBXFrameworksBuildPhase section */

/* Begin PBXGroup section */
		1C088D792A14B7C100B68B28 /* Store */ = {
			isa = PBXGroup;
			children = (
				1C088D752A14B58800B68B28 /* VueFluxAdapter.swift */,
				1C41CE232A175554001C209E /* VueFluxState.swift */,
				1C4CFB782A1618A6004499DE /* VueFluxAdapterProtocol.swift */,
				1C338FD12A19EDE500251143 /* ScopedDisposable+Utility.swift */,
			);
			path = Store;
			sourceTree = "<group>";
		};
		1C088D7A2A14B7D600B68B28 /* View */ = {
			isa = PBXGroup;
			children = (
				1C4CFB762A15C94C004499DE /* VueFluxViewController.swift */,
				1C4CFB742A15C64B004499DE /* FluxViewController.swift */,
				1C4CFB7C2A1700C5004499DE /* TextFieldViewController.swift */,
			);
			path = View;
			sourceTree = "<group>";
		};
		1C338FD52A19EEB700251143 /* Utility */ = {
			isa = PBXGroup;
			children = (
				1C338FD62A19EEF200251143 /* ScopedDisposable.swift */,
			);
			path = Utility;
			sourceTree = "<group>";
		};
		1C338FDA2A1A041300251143 /* Response */ = {
			isa = PBXGroup;
			children = (
				1C338FD82A1A040900251143 /* GetCountUpNumber.swift */,
				1C338FDE2A1A0F4D00251143 /* CountUpService.swift */,
				1C338FE52A1A29C800251143 /* CountUpResponse.swift */,
			);
			path = Response;
			sourceTree = "<group>";
		};
		1C338FDB2A1A09E800251143 /* Adomin */ = {
			isa = PBXGroup;
			children = (
				1C338FDC2A1A0A1200251143 /* Admin+Protobuf.swift */,
			);
			path = Adomin;
			sourceTree = "<group>";
		};
		1C338FE42A1A16B100251143 /* Source */ = {
			isa = PBXGroup;
			children = (
				1C338FE02A1A169E00251143 /* Session.swift */,
			);
			path = Source;
			sourceTree = "<group>";
		};
		1C41CE252A17650A001C209E /* Extension */ = {
			isa = PBXGroup;
			children = (
				1C97E1632A146DDA00DC8550 /* UIControl+Reactive.swift */,
				1C41CE262A17653B001C209E /* PropertyProtocol+Utility.swift */,
				1C41CE2C2A17718F001C209E /* Store+Utility.swift */,
				1C41CE282A177105001C209E /* Refreshable+Utility.swift */,
				1C41CE2A2A177131001C209E /* Optional+Utility.swift */,
				1C41CE2E2A1771BF001C209E /* Renderable.swift */,
				1C41CE302A1774A5001C209E /* Reactive+Utility.swift */,
				1C59B9A32A1A6AD80071E3CB /* UIViewcontoroller.swift */,
			);
			path = Extension;
			sourceTree = "<group>";
		};
		1C4CBDAE2A1B2C8F0044B6CA /* Frameworks */ = {
			isa = PBXGroup;
			children = (
				1C4CBDB02A1B2C8F0044B6CA /* Carbon.xcframework */,
				1C4CBDB12A1B2C8F0044B6CA /* DifferenceKit.xcframework */,
				1C4CBDB22A1B2C900044B6CA /* ReactiveCocoa.xcframework */,
				1C4CBDAF2A1B2C8F0044B6CA /* ReactiveMapKit.xcframework */,
				1C4CBDB52A1B2C900044B6CA /* ReactiveSwift.xcframework */,
				1C4CBDB32A1B2C900044B6CA /* VueFlux.xcframework */,
				1C4CBDB42A1B2C900044B6CA /* VueFluxReactive.xcframework */,
			);
			name = Frameworks;
			sourceTree = "<group>";
		};
		1C85142A2A14C7C6004E5BF3 /* Model */ = {
			isa = PBXGroup;
			children = (
				1C088D7B2A14C65200B68B28 /* CountUpDataModel.swift */,
				1C4CFB7A2A1619E0004499DE /* CountUpRepository.swift */,
			);
			path = Model;
			sourceTree = "<group>";
		};
		1CC335482A138A3600FBAD36 = {
			isa = PBXGroup;
			children = (
				1CC335532A138A3600FBAD36 /* Test_VueFlux_iOS */,
				1CC3356A2A138A3700FBAD36 /* Test_VueFlux_iOSTests */,
				1CC335742A138A3700FBAD36 /* Test_VueFlux_iOSUITests */,
				1CC335522A138A3600FBAD36 /* Products */,
				1C4CBDAE2A1B2C8F0044B6CA /* Frameworks */,
			);
			sourceTree = "<group>";
		};
		1CC335522A138A3600FBAD36 /* Products */ = {
			isa = PBXGroup;
			children = (
				1CC335512A138A3600FBAD36 /* Test_VueFlux_iOS.app */,
				1CC335672A138A3700FBAD36 /* Test_VueFlux_iOSTests.xctest */,
				1CC335712A138A3700FBAD36 /* Test_VueFlux_iOSUITests.xctest */,
			);
			name = Products;
			sourceTree = "<group>";
		};
		1CC335532A138A3600FBAD36 /* Test_VueFlux_iOS */ = {
			isa = PBXGroup;
			children = (
				1CC335542A138A3600FBAD36 /* AppDelegate.swift */,
				1CC335562A138A3600FBAD36 /* SceneDelegate.swift */,
				1CC335582A138A3600FBAD36 /* ViewController.swift */,
				1C088D7A2A14B7D600B68B28 /* View */,
				1C088D792A14B7C100B68B28 /* Store */,
				1C85142A2A14C7C6004E5BF3 /* Model */,
				1C338FD52A19EEB700251143 /* Utility */,
				1C338FDA2A1A041300251143 /* Response */,
				1C338FDB2A1A09E800251143 /* Adomin */,
				1C41CE252A17650A001C209E /* Extension */,
				1C338FE42A1A16B100251143 /* Source */,
				1CC3355D2A138A3700FBAD36 /* Assets.xcassets */,
				1CC3355F2A138A3700FBAD36 /* LaunchScreen.storyboard */,
				1CC335622A138A3700FBAD36 /* Info.plist */,
			);
			path = Test_VueFlux_iOS;
			sourceTree = "<group>";
		};
		1CC3356A2A138A3700FBAD36 /* Test_VueFlux_iOSTests */ = {
			isa = PBXGroup;
			children = (
				1CC3356B2A138A3700FBAD36 /* Test_VueFlux_iOSTests.swift */,
			);
			path = Test_VueFlux_iOSTests;
			sourceTree = "<group>";
		};
		1CC335742A138A3700FBAD36 /* Test_VueFlux_iOSUITests */ = {
			isa = PBXGroup;
			children = (
				1CC335752A138A3700FBAD36 /* Test_VueFlux_iOSUITests.swift */,
				1CC335772A138A3700FBAD36 /* Test_VueFlux_iOSUITestsLaunchTests.swift */,
			);
			path = Test_VueFlux_iOSUITests;
			sourceTree = "<group>";
		};
/* End PBXGroup section */

/* Begin PBXNativeTarget section */
		1CC335502A138A3600FBAD36 /* Test_VueFlux_iOS */ = {
			isa = PBXNativeTarget;
			buildConfigurationList = 1CC3357B2A138A3700FBAD36 /* Build configuration list for PBXNativeTarget "Test_VueFlux_iOS" */;
			buildPhases = (
				1CC3354D2A138A3600FBAD36 /* Sources */,
				1CC3354E2A138A3600FBAD36 /* Frameworks */,
				1CC3354F2A138A3600FBAD36 /* Resources */,
			);
			buildRules = (
			);
			dependencies = (
			);
			name = Test_VueFlux_iOS;
			productName = Test_VueFlux_iOS;
			productReference = 1CC335512A138A3600FBAD36 /* Test_VueFlux_iOS.app */;
			productType = "com.apple.product-type.application";
		};
		1CC335662A138A3700FBAD36 /* Test_VueFlux_iOSTests */ = {
			isa = PBXNativeTarget;
			buildConfigurationList = 1CC3357E2A138A3700FBAD36 /* Build configuration list for PBXNativeTarget "Test_VueFlux_iOSTests" */;
			buildPhases = (
				1CC335632A138A3700FBAD36 /* Sources */,
				1CC335642A138A3700FBAD36 /* Frameworks */,
				1CC335652A138A3700FBAD36 /* Resources */,
			);
			buildRules = (
			);
			dependencies = (
				1CC335692A138A3700FBAD36 /* PBXTargetDependency */,
			);
			name = Test_VueFlux_iOSTests;
			productName = Test_VueFlux_iOSTests;
			productReference = 1CC335672A138A3700FBAD36 /* Test_VueFlux_iOSTests.xctest */;
			productType = "com.apple.product-type.bundle.unit-test";
		};
		1CC335702A138A3700FBAD36 /* Test_VueFlux_iOSUITests */ = {
			isa = PBXNativeTarget;
			buildConfigurationList = 1CC335812A138A3700FBAD36 /* Build configuration list for PBXNativeTarget "Test_VueFlux_iOSUITests" */;
			buildPhases = (
				1CC3356D2A138A3700FBAD36 /* Sources */,
				1CC3356E2A138A3700FBAD36 /* Frameworks */,
				1CC3356F2A138A3700FBAD36 /* Resources */,
			);
			buildRules = (
			);
			dependencies = (
				1CC335732A138A3700FBAD36 /* PBXTargetDependency */,
			);
			name = Test_VueFlux_iOSUITests;
			productName = Test_VueFlux_iOSUITests;
			productReference = 1CC335712A138A3700FBAD36 /* Test_VueFlux_iOSUITests.xctest */;
			productType = "com.apple.product-type.bundle.ui-testing";
		};
/* End PBXNativeTarget section */

/* Begin PBXProject section */
		1CC335492A138A3600FBAD36 /* Project object */ = {
			isa = PBXProject;
			attributes = {
				BuildIndependentTargetsInParallel = 1;
				LastSwiftUpdateCheck = 1420;
				LastUpgradeCheck = 1420;
				TargetAttributes = {
					1CC335502A138A3600FBAD36 = {
						CreatedOnToolsVersion = 14.2;
					};
					1CC335662A138A3700FBAD36 = {
						CreatedOnToolsVersion = 14.2;
						TestTargetID = 1CC335502A138A3600FBAD36;
					};
					1CC335702A138A3700FBAD36 = {
						CreatedOnToolsVersion = 14.2;
						TestTargetID = 1CC335502A138A3600FBAD36;
					};
				};
			};
			buildConfigurationList = 1CC3354C2A138A3600FBAD36 /* Build configuration list for PBXProject "Test_VueFlux_iOS" */;
			compatibilityVersion = "Xcode 14.0";
			developmentRegion = en;
			hasScannedForEncodings = 0;
			knownRegions = (
				en,
				Base,
			);
			mainGroup = 1CC335482A138A3600FBAD36;
			productRefGroup = 1CC335522A138A3600FBAD36 /* Products */;
			projectDirPath = "";
			projectRoot = "";
			targets = (
				1CC335502A138A3600FBAD36 /* Test_VueFlux_iOS */,
				1CC335662A138A3700FBAD36 /* Test_VueFlux_iOSTests */,
				1CC335702A138A3700FBAD36 /* Test_VueFlux_iOSUITests */,
			);
		};
/* End PBXProject section */

/* Begin PBXResourcesBuildPhase section */
		1CC3354F2A138A3600FBAD36 /* Resources */ = {
			isa = PBXResourcesBuildPhase;
			buildActionMask = 2147483647;
			files = (
				1CC335612A138A3700FBAD36 /* LaunchScreen.storyboard in Resources */,
				1CC3355E2A138A3700FBAD36 /* Assets.xcassets in Resources */,
			);
			runOnlyForDeploymentPostprocessing = 0;
		};
		1CC335652A138A3700FBAD36 /* Resources */ = {
			isa = PBXResourcesBuildPhase;
			buildActionMask = 2147483647;
			files = (
			);
			runOnlyForDeploymentPostprocessing = 0;
		};
		1CC3356F2A138A3700FBAD36 /* Resources */ = {
			isa = PBXResourcesBuildPhase;
			buildActionMask = 2147483647;
			files = (
			);
			runOnlyForDeploymentPostprocessing = 0;
		};
/* End PBXResourcesBuildPhase section */

/* Begin PBXSourcesBuildPhase section */
		1CC3354D2A138A3600FBAD36 /* Sources */ = {
			isa = PBXSourcesBuildPhase;
			buildActionMask = 2147483647;
			files = (
				1C4CFB772A15C94C004499DE /* VueFluxViewController.swift in Sources */,
				1C41CE242A175554001C209E /* VueFluxState.swift in Sources */,
				1C338FDD2A1A0A1200251143 /* Admin+Protobuf.swift in Sources */,
				1C41CE292A177105001C209E /* Refreshable+Utility.swift in Sources */,
				1C97E1642A146DDA00DC8550 /* UIControl+Reactive.swift in Sources */,
				1CC335592A138A3600FBAD36 /* ViewController.swift in Sources */,
				1C4CFB792A1618A6004499DE /* VueFluxAdapterProtocol.swift in Sources */,
				1CC335552A138A3600FBAD36 /* AppDelegate.swift in Sources */,
				1C41CE272A17653B001C209E /* PropertyProtocol+Utility.swift in Sources */,
				1C338FD92A1A040900251143 /* GetCountUpNumber.swift in Sources */,
				1C338FDF2A1A0F4D00251143 /* CountUpService.swift in Sources */,
				1C4CFB752A15C64B004499DE /* FluxViewController.swift in Sources */,
				1C4CFB7B2A1619E0004499DE /* CountUpRepository.swift in Sources */,
				1C41CE2F2A1771BF001C209E /* Renderable.swift in Sources */,
				1C338FD22A19EDE500251143 /* ScopedDisposable+Utility.swift in Sources */,
				1C41CE2D2A17718F001C209E /* Store+Utility.swift in Sources */,
				1C088D762A14B58800B68B28 /* VueFluxAdapter.swift in Sources */,
				1C41CE312A1774A5001C209E /* Reactive+Utility.swift in Sources */,
				1C4CFB7D2A1700C5004499DE /* TextFieldViewController.swift in Sources */,
				1C338FE62A1A29C800251143 /* CountUpResponse.swift in Sources */,
				1CC335572A138A3600FBAD36 /* SceneDelegate.swift in Sources */,
				1C338FE12A1A169E00251143 /* Session.swift in Sources */,
				1C338FD72A19EEF200251143 /* ScopedDisposable.swift in Sources */,
				1C088D7C2A14C65300B68B28 /* CountUpDataModel.swift in Sources */,
				1C59B9A42A1A6AD80071E3CB /* UIViewcontoroller.swift in Sources */,
				1C41CE2B2A177131001C209E /* Optional+Utility.swift in Sources */,
			);
			runOnlyForDeploymentPostprocessing = 0;
		};
		1CC335632A138A3700FBAD36 /* Sources */ = {
			isa = PBXSourcesBuildPhase;
			buildActionMask = 2147483647;
			files = (
				1CC3356C2A138A3700FBAD36 /* Test_VueFlux_iOSTests.swift in Sources */,
			);
			runOnlyForDeploymentPostprocessing = 0;
		};
		1CC3356D2A138A3700FBAD36 /* Sources */ = {
			isa = PBXSourcesBuildPhase;
			buildActionMask = 2147483647;
			files = (
				1CC335782A138A3700FBAD36 /* Test_VueFlux_iOSUITestsLaunchTests.swift in Sources */,
				1CC335762A138A3700FBAD36 /* Test_VueFlux_iOSUITests.swift in Sources */,
			);
			runOnlyForDeploymentPostprocessing = 0;
		};
/* End PBXSourcesBuildPhase section */

/* Begin PBXTargetDependency section */
		1CC335692A138A3700FBAD36 /* PBXTargetDependency */ = {
			isa = PBXTargetDependency;
			target = 1CC335502A138A3600FBAD36 /* Test_VueFlux_iOS */;
			targetProxy = 1CC335682A138A3700FBAD36 /* PBXContainerItemProxy */;
		};
		1CC335732A138A3700FBAD36 /* PBXTargetDependency */ = {
			isa = PBXTargetDependency;
			target = 1CC335502A138A3600FBAD36 /* Test_VueFlux_iOS */;
			targetProxy = 1CC335722A138A3700FBAD36 /* PBXContainerItemProxy */;
		};
/* End PBXTargetDependency section */

/* Begin PBXVariantGroup section */
		1CC3355F2A138A3700FBAD36 /* LaunchScreen.storyboard */ = {
			isa = PBXVariantGroup;
			children = (
				1CC335602A138A3700FBAD36 /* Base */,
			);
			name = LaunchScreen.storyboard;
			sourceTree = "<group>";
		};
/* End PBXVariantGroup section */

/* Begin XCBuildConfiguration section */
		1CC335792A138A3700FBAD36 /* Debug */ = {
			isa = XCBuildConfiguration;
			buildSettings = {
				ALWAYS_SEARCH_USER_PATHS = NO;
				CLANG_ANALYZER_NONNULL = YES;
				CLANG_ANALYZER_NUMBER_OBJECT_CONVERSION = YES_AGGRESSIVE;
				CLANG_CXX_LANGUAGE_STANDARD = "gnu++20";
				CLANG_ENABLE_MODULES = YES;
				CLANG_ENABLE_OBJC_ARC = YES;
				CLANG_ENABLE_OBJC_WEAK = YES;
				CLANG_WARN_BLOCK_CAPTURE_AUTORELEASING = YES;
				CLANG_WARN_BOOL_CONVERSION = YES;
				CLANG_WARN_COMMA = YES;
				CLANG_WARN_CONSTANT_CONVERSION = YES;
				CLANG_WARN_DEPRECATED_OBJC_IMPLEMENTATIONS = YES;
				CLANG_WARN_DIRECT_OBJC_ISA_USAGE = YES_ERROR;
				CLANG_WARN_DOCUMENTATION_COMMENTS = YES;
				CLANG_WARN_EMPTY_BODY = YES;
				CLANG_WARN_ENUM_CONVERSION = YES;
				CLANG_WARN_INFINITE_RECURSION = YES;
				CLANG_WARN_INT_CONVERSION = YES;
				CLANG_WARN_NON_LITERAL_NULL_CONVERSION = YES;
				CLANG_WARN_OBJC_IMPLICIT_RETAIN_SELF = YES;
				CLANG_WARN_OBJC_LITERAL_CONVERSION = YES;
				CLANG_WARN_OBJC_ROOT_CLASS = YES_ERROR;
				CLANG_WARN_QUOTED_INCLUDE_IN_FRAMEWORK_HEADER = YES;
				CLANG_WARN_RANGE_LOOP_ANALYSIS = YES;
				CLANG_WARN_STRICT_PROTOTYPES = YES;
				CLANG_WARN_SUSPICIOUS_MOVE = YES;
				CLANG_WARN_UNGUARDED_AVAILABILITY = YES_AGGRESSIVE;
				CLANG_WARN_UNREACHABLE_CODE = YES;
				CLANG_WARN__DUPLICATE_METHOD_MATCH = YES;
				COPY_PHASE_STRIP = NO;
				DEBUG_INFORMATION_FORMAT = dwarf;
				ENABLE_STRICT_OBJC_MSGSEND = YES;
				ENABLE_TESTABILITY = YES;
				GCC_C_LANGUAGE_STANDARD = gnu11;
				GCC_DYNAMIC_NO_PIC = NO;
				GCC_NO_COMMON_BLOCKS = YES;
				GCC_OPTIMIZATION_LEVEL = 0;
				GCC_PREPROCESSOR_DEFINITIONS = (
					"DEBUG=1",
					"$(inherited)",
				);
				GCC_WARN_64_TO_32_BIT_CONVERSION = YES;
				GCC_WARN_ABOUT_RETURN_TYPE = YES_ERROR;
				GCC_WARN_UNDECLARED_SELECTOR = YES;
				GCC_WARN_UNINITIALIZED_AUTOS = YES_AGGRESSIVE;
				GCC_WARN_UNUSED_FUNCTION = YES;
				GCC_WARN_UNUSED_VARIABLE = YES;
				IPHONEOS_DEPLOYMENT_TARGET = 16.2;
				MTL_ENABLE_DEBUG_INFO = INCLUDE_SOURCE;
				MTL_FAST_MATH = YES;
				ONLY_ACTIVE_ARCH = YES;
				SDKROOT = iphoneos;
				SWIFT_ACTIVE_COMPILATION_CONDITIONS = DEBUG;
				SWIFT_OPTIMIZATION_LEVEL = "-Onone";
			};
			name = Debug;
		};
		1CC3357A2A138A3700FBAD36 /* Release */ = {
			isa = XCBuildConfiguration;
			buildSettings = {
				ALWAYS_SEARCH_USER_PATHS = NO;
				CLANG_ANALYZER_NONNULL = YES;
				CLANG_ANALYZER_NUMBER_OBJECT_CONVERSION = YES_AGGRESSIVE;
				CLANG_CXX_LANGUAGE_STANDARD = "gnu++20";
				CLANG_ENABLE_MODULES = YES;
				CLANG_ENABLE_OBJC_ARC = YES;
				CLANG_ENABLE_OBJC_WEAK = YES;
				CLANG_WARN_BLOCK_CAPTURE_AUTORELEASING = YES;
				CLANG_WARN_BOOL_CONVERSION = YES;
				CLANG_WARN_COMMA = YES;
				CLANG_WARN_CONSTANT_CONVERSION = YES;
				CLANG_WARN_DEPRECATED_OBJC_IMPLEMENTATIONS = YES;
				CLANG_WARN_DIRECT_OBJC_ISA_USAGE = YES_ERROR;
				CLANG_WARN_DOCUMENTATION_COMMENTS = YES;
				CLANG_WARN_EMPTY_BODY = YES;
				CLANG_WARN_ENUM_CONVERSION = YES;
				CLANG_WARN_INFINITE_RECURSION = YES;
				CLANG_WARN_INT_CONVERSION = YES;
				CLANG_WARN_NON_LITERAL_NULL_CONVERSION = YES;
				CLANG_WARN_OBJC_IMPLICIT_RETAIN_SELF = YES;
				CLANG_WARN_OBJC_LITERAL_CONVERSION = YES;
				CLANG_WARN_OBJC_ROOT_CLASS = YES_ERROR;
				CLANG_WARN_QUOTED_INCLUDE_IN_FRAMEWORK_HEADER = YES;
				CLANG_WARN_RANGE_LOOP_ANALYSIS = YES;
				CLANG_WARN_STRICT_PROTOTYPES = YES;
				CLANG_WARN_SUSPICIOUS_MOVE = YES;
				CLANG_WARN_UNGUARDED_AVAILABILITY = YES_AGGRESSIVE;
				CLANG_WARN_UNREACHABLE_CODE = YES;
				CLANG_WARN__DUPLICATE_METHOD_MATCH = YES;
				COPY_PHASE_STRIP = NO;
				DEBUG_INFORMATION_FORMAT = "dwarf-with-dsym";
				ENABLE_NS_ASSERTIONS = NO;
				ENABLE_STRICT_OBJC_MSGSEND = YES;
				GCC_C_LANGUAGE_STANDARD = gnu11;
				GCC_NO_COMMON_BLOCKS = YES;
				GCC_WARN_64_TO_32_BIT_CONVERSION = YES;
				GCC_WARN_ABOUT_RETURN_TYPE = YES_ERROR;
				GCC_WARN_UNDECLARED_SELECTOR = YES;
				GCC_WARN_UNINITIALIZED_AUTOS = YES_AGGRESSIVE;
				GCC_WARN_UNUSED_FUNCTION = YES;
				GCC_WARN_UNUSED_VARIABLE = YES;
				IPHONEOS_DEPLOYMENT_TARGET = 16.2;
				MTL_ENABLE_DEBUG_INFO = NO;
				MTL_FAST_MATH = YES;
				SDKROOT = iphoneos;
				SWIFT_COMPILATION_MODE = wholemodule;
				SWIFT_OPTIMIZATION_LEVEL = "-O";
				VALIDATE_PRODUCT = YES;
			};
			name = Release;
		};
		1CC3357C2A138A3700FBAD36 /* Debug */ = {
			isa = XCBuildConfiguration;
			buildSettings = {
				ASSETCATALOG_COMPILER_APPICON_NAME = AppIcon;
				ASSETCATALOG_COMPILER_GLOBAL_ACCENT_COLOR_NAME = AccentColor;
				CODE_SIGN_STYLE = Automatic;
				CURRENT_PROJECT_VERSION = 1;
				DEVELOPMENT_TEAM = 8CDS4RQQHP;
				EXCLUDED_ARCHS = arm64;
				GENERATE_INFOPLIST_FILE = YES;
				INFOPLIST_FILE = Test_VueFlux_iOS/Info.plist;
				INFOPLIST_KEY_UIApplicationSupportsIndirectInputEvents = YES;
				INFOPLIST_KEY_UILaunchStoryboardName = LaunchScreen;
				INFOPLIST_KEY_UIStatusBarStyle = "";
				INFOPLIST_KEY_UISupportedInterfaceOrientations_iPad = "UIInterfaceOrientationPortrait UIInterfaceOrientationPortraitUpsideDown UIInterfaceOrientationLandscapeLeft UIInterfaceOrientationLandscapeRight";
				INFOPLIST_KEY_UISupportedInterfaceOrientations_iPhone = "UIInterfaceOrientationPortrait UIInterfaceOrientationLandscapeLeft UIInterfaceOrientationLandscapeRight";
				LD_RUNPATH_SEARCH_PATHS = (
					"$(inherited)",
					"@executable_path/Frameworks",
				);
				MARKETING_VERSION = 1.0;
				PRODUCT_BUNDLE_IDENTIFIER = "tanobe-kai-cyberagent.co.jp.Test-VueFlux-iOS";
				PRODUCT_NAME = "$(TARGET_NAME)";
				SWIFT_EMIT_LOC_STRINGS = YES;
				SWIFT_VERSION = 5.0;
				TARGETED_DEVICE_FAMILY = "1,2";
			};
			name = Debug;
		};
		1CC3357D2A138A3700FBAD36 /* Release */ = {
			isa = XCBuildConfiguration;
			buildSettings = {
				ASSETCATALOG_COMPILER_APPICON_NAME = AppIcon;
				ASSETCATALOG_COMPILER_GLOBAL_ACCENT_COLOR_NAME = AccentColor;
				CODE_SIGN_STYLE = Manual;
				CURRENT_PROJECT_VERSION = 1;
				DEVELOPMENT_TEAM = "";
				GENERATE_INFOPLIST_FILE = YES;
				INFOPLIST_FILE = Test_VueFlux_iOS/Info.plist;
				INFOPLIST_KEY_UIApplicationSupportsIndirectInputEvents = YES;
				INFOPLIST_KEY_UILaunchStoryboardName = LaunchScreen;
				INFOPLIST_KEY_UIStatusBarStyle = "";
				INFOPLIST_KEY_UISupportedInterfaceOrientations_iPad = "UIInterfaceOrientationPortrait UIInterfaceOrientationPortraitUpsideDown UIInterfaceOrientationLandscapeLeft UIInterfaceOrientationLandscapeRight";
				INFOPLIST_KEY_UISupportedInterfaceOrientations_iPhone = "UIInterfaceOrientationPortrait UIInterfaceOrientationLandscapeLeft UIInterfaceOrientationLandscapeRight";
				LD_RUNPATH_SEARCH_PATHS = (
					"$(inherited)",
					"@executable_path/Frameworks",
				);
				MARKETING_VERSION = 1.0;
				PRODUCT_BUNDLE_IDENTIFIER = "tanobe-kai-cyberagent.co.jp.Test-VueFlux-iOS";
				PRODUCT_NAME = "$(TARGET_NAME)";
				PROVISIONING_PROFILE_SPECIFIER = "";
				SWIFT_EMIT_LOC_STRINGS = YES;
				SWIFT_VERSION = 5.0;
				TARGETED_DEVICE_FAMILY = "1,2";
			};
			name = Release;
		};
		1CC3357F2A138A3700FBAD36 /* Debug */ = {
			isa = XCBuildConfiguration;
			buildSettings = {
				ALWAYS_EMBED_SWIFT_STANDARD_LIBRARIES = YES;
				BUNDLE_LOADER = "$(TEST_HOST)";
				CODE_SIGN_STYLE = Automatic;
				CURRENT_PROJECT_VERSION = 1;
				DEVELOPMENT_TEAM = PBQ3LBLK2G;
				GENERATE_INFOPLIST_FILE = YES;
				IPHONEOS_DEPLOYMENT_TARGET = 16.2;
				MARKETING_VERSION = 1.0;
				PRODUCT_BUNDLE_IDENTIFIER = "tanobe-kai-cyberagent.co.jp.Test-VueFlux-iOSTests";
				PRODUCT_NAME = "$(TARGET_NAME)";
				SWIFT_EMIT_LOC_STRINGS = NO;
				SWIFT_VERSION = 5.0;
				TARGETED_DEVICE_FAMILY = "1,2";
				TEST_HOST = "$(BUILT_PRODUCTS_DIR)/Test_VueFlux_iOS.app/$(BUNDLE_EXECUTABLE_FOLDER_PATH)/Test_VueFlux_iOS";
			};
			name = Debug;
		};
		1CC335802A138A3700FBAD36 /* Release */ = {
			isa = XCBuildConfiguration;
			buildSettings = {
				ALWAYS_EMBED_SWIFT_STANDARD_LIBRARIES = YES;
				BUNDLE_LOADER = "$(TEST_HOST)";
				CODE_SIGN_STYLE = Automatic;
				CURRENT_PROJECT_VERSION = 1;
				DEVELOPMENT_TEAM = PBQ3LBLK2G;
				GENERATE_INFOPLIST_FILE = YES;
				IPHONEOS_DEPLOYMENT_TARGET = 16.2;
				MARKETING_VERSION = 1.0;
				PRODUCT_BUNDLE_IDENTIFIER = "tanobe-kai-cyberagent.co.jp.Test-VueFlux-iOSTests";
				PRODUCT_NAME = "$(TARGET_NAME)";
				SWIFT_EMIT_LOC_STRINGS = NO;
				SWIFT_VERSION = 5.0;
				TARGETED_DEVICE_FAMILY = "1,2";
				TEST_HOST = "$(BUILT_PRODUCTS_DIR)/Test_VueFlux_iOS.app/$(BUNDLE_EXECUTABLE_FOLDER_PATH)/Test_VueFlux_iOS";
			};
			name = Release;
		};
		1CC335822A138A3700FBAD36 /* Debug */ = {
			isa = XCBuildConfiguration;
			buildSettings = {
				ALWAYS_EMBED_SWIFT_STANDARD_LIBRARIES = YES;
				CODE_SIGN_STYLE = Automatic;
				CURRENT_PROJECT_VERSION = 1;
				DEVELOPMENT_TEAM = PBQ3LBLK2G;
				GENERATE_INFOPLIST_FILE = YES;
				MARKETING_VERSION = 1.0;
				PRODUCT_BUNDLE_IDENTIFIER = "tanobe-kai-cyberagent.co.jp.Test-VueFlux-iOSUITests";
				PRODUCT_NAME = "$(TARGET_NAME)";
				SWIFT_EMIT_LOC_STRINGS = NO;
				SWIFT_VERSION = 5.0;
				TARGETED_DEVICE_FAMILY = "1,2";
				TEST_TARGET_NAME = Test_VueFlux_iOS;
			};
			name = Debug;
		};
		1CC335832A138A3700FBAD36 /* Release */ = {
			isa = XCBuildConfiguration;
			buildSettings = {
				ALWAYS_EMBED_SWIFT_STANDARD_LIBRARIES = YES;
				CODE_SIGN_STYLE = Automatic;
				CURRENT_PROJECT_VERSION = 1;
				DEVELOPMENT_TEAM = PBQ3LBLK2G;
				GENERATE_INFOPLIST_FILE = YES;
				MARKETING_VERSION = 1.0;
				PRODUCT_BUNDLE_IDENTIFIER = "tanobe-kai-cyberagent.co.jp.Test-VueFlux-iOSUITests";
				PRODUCT_NAME = "$(TARGET_NAME)";
				SWIFT_EMIT_LOC_STRINGS = NO;
				SWIFT_VERSION = 5.0;
				TARGETED_DEVICE_FAMILY = "1,2";
				TEST_TARGET_NAME = Test_VueFlux_iOS;
			};
			name = Release;
		};
/* End XCBuildConfiguration section */

/* Begin XCConfigurationList section */
		1CC3354C2A138A3600FBAD36 /* Build configuration list for PBXProject "Test_VueFlux_iOS" */ = {
			isa = XCConfigurationList;
			buildConfigurations = (
				1CC335792A138A3700FBAD36 /* Debug */,
				1CC3357A2A138A3700FBAD36 /* Release */,
			);
			defaultConfigurationIsVisible = 0;
			defaultConfigurationName = Release;
		};
		1CC3357B2A138A3700FBAD36 /* Build configuration list for PBXNativeTarget "Test_VueFlux_iOS" */ = {
			isa = XCConfigurationList;
			buildConfigurations = (
				1CC3357C2A138A3700FBAD36 /* Debug */,
				1CC3357D2A138A3700FBAD36 /* Release */,
			);
			defaultConfigurationIsVisible = 0;
			defaultConfigurationName = Release;
		};
		1CC3357E2A138A3700FBAD36 /* Build configuration list for PBXNativeTarget "Test_VueFlux_iOSTests" */ = {
			isa = XCConfigurationList;
			buildConfigurations = (
				1CC3357F2A138A3700FBAD36 /* Debug */,
				1CC335802A138A3700FBAD36 /* Release */,
			);
			defaultConfigurationIsVisible = 0;
			defaultConfigurationName = Release;
		};
		1CC335812A138A3700FBAD36 /* Build configuration list for PBXNativeTarget "Test_VueFlux_iOSUITests" */ = {
			isa = XCConfigurationList;
			buildConfigurations = (
				1CC335822A138A3700FBAD36 /* Debug */,
				1CC335832A138A3700FBAD36 /* Release */,
			);
			defaultConfigurationIsVisible = 0;
			defaultConfigurationName = Release;
		};
/* End XCConfigurationList section */
	};
	rootObject = 1CC335492A138A3600FBAD36 /* Project object */;
}
